
Microsoft Visual Studio Solution File, Format Version 12.00
# Visual Studio Version 17
VisualStudioVersion = 17.10.35027.167
MinimumVisualStudioVersion = 10.0.40219.1
Project("{FAE04EC0-301F-11D3-BF4B-00C04F79EFBC}") = "GitTo.Server", "GitTo.Server\GitTo.Server.csproj", "{C8084F24-7457-4559-BB22-A39F8D6564F7}"
EndProject
Project("{54A90642-561A-4BB1-A94E-469ADEE60C69}") = "gitto.client", "gitto.client\gitto.client.esproj", "{95E43D76-B47E-4546-824D-FA70853E5646}"
EndProject
Global
	GlobalSection(SolutionConfigurationPlatforms) = preSolution
		Debug|Any CPU = Debug|Any CPU
		Release|Any CPU = Release|Any CPU
	EndGlobalSection
	GlobalSection(ProjectConfigurationPlatforms) = postSolution
		{C8084F24-7457-4559-BB22-A39F8D6564F7}.Debug|Any CPU.ActiveCfg = Debug|Any CPU
		{C8084F24-7457-4559-BB22-A39F8D6564F7}.Debug|Any CPU.Build.0 = Debug|Any CPU
		{C8084F24-7457-4559-BB22-A39F8D6564F7}.Release|Any CPU.ActiveCfg = Release|Any CPU
		{C8084F24-7457-4559-BB22-A39F8D6564F7}.Release|Any CPU.Build.0 = Release|Any CPU
		{95E43D76-B47E-4546-824D-FA70853E5646}.Debug|Any CPU.ActiveCfg = Debug|Any CPU
		{95E43D76-B47E-4546-824D-FA70853E5646}.Debug|Any CPU.Build.0 = Debug|Any CPU
		{95E43D76-B47E-4546-824D-FA70853E5646}.Debug|Any CPU.Deploy.0 = Debug|Any CPU
		{95E43D76-B47E-4546-824D-FA70853E5646}.Release|Any CPU.ActiveCfg = Release|Any CPU
		{95E43D76-B47E-4546-824D-FA70853E5646}.Release|Any CPU.Build.0 = Release|Any CPU
		{95E43D76-B47E-4546-824D-FA70853E5646}.Release|Any CPU.Deploy.0 = Release|Any CPU
	EndGlobalSection
	GlobalSection(SolutionProperties) = preSolution
		HideSolutionNode = FALSE
	EndGlobalSection
	GlobalSection(ExtensibilityGlobals) = postSolution
		SolutionGuid = {3536E1D5-4101-4E9E-8B20-2997C2E7D16B}
	EndGlobalSection
EndGlobal
